
Microsoft Visual Studio Solution File, Format Version 12.00
# Visual Studio Version 16
VisualStudioVersion = 16.0.29911.84
MinimumVisualStudioVersion = 10.0.40219.1
Project("{9A19103F-16F7-4668-BE54-9A1E7A4F7556}") = "Problem01", "Problem01\Problem01.csproj", "{562C88B4-024C-43EC-9DFE-FC232F708C74}"
EndProject
Project("{9A19103F-16F7-4668-BE54-9A1E7A4F7556}") = "Problem02", "Problem02\Problem02.csproj", "{38FE2E4A-F943-4924-A6A2-3314C637FB77}"
EndProject
Project("{9A19103F-16F7-4668-BE54-9A1E7A4F7556}") = "Problem03", "Problem03\Problem03.csproj", "{5FF7C652-C437-4B75-96F1-94228D8F3794}"
EndProject
Project("{9A19103F-16F7-4668-BE54-9A1E7A4F7556}") = "Problem04", "Problem04\Problem04.csproj", "{0E639E5E-0469-45F1-925D-24D218349775}"
EndProject
Project("{9A19103F-16F7-4668-BE54-9A1E7A4F7556}") = "Problem05", "Problem05\Problem05.csproj", "{807BF05E-9C3A-4E23-94DC-1CD22E8A0321}"
EndProject
Project("{FAE04EC0-301F-11D3-BF4B-00C04F79EFBC}") = "Problem06", "Problem06\Problem06.csproj", "{C31AFB6C-C7FC-409F-935B-D87754E39F0D}"
EndProject
Project("{FAE04EC0-301F-11D3-BF4B-00C04F79EFBC}") = "Problem07", "Problem07\Problem07.csproj", "{46810F77-DE1C-4BD7-B3E4-29C1D01E11B2}"
EndProject
Project("{FAE04EC0-301F-11D3-BF4B-00C04F79EFBC}") = "Problem08", "Problem08\Problem08.csproj", "{F5212B8F-5562-4D16-BFA5-7A026568F55C}"
EndProject
Project("{FAE04EC0-301F-11D3-BF4B-00C04F79EFBC}") = "Problem09", "Problem09\Problem09.csproj", "{F0D121FD-C052-4316-879D-A0BE27476339}"
EndProject
Project("{FAE04EC0-301F-11D3-BF4B-00C04F79EFBC}") = "Problem10", "Problem10\Problem10.csproj", "{1757428F-394B-487C-A687-88D8A084EA32}"
EndProject
Project("{FAE04EC0-301F-11D3-BF4B-00C04F79EFBC}") = "Problem11", "Problem11\Problem11.csproj", "{CCE8CF42-C4C2-4D74-9A1E-94BFDAE23D74}"
EndProject
Project("{FAE04EC0-301F-11D3-BF4B-00C04F79EFBC}") = "Problem12", "Problem12\Problem12.csproj", "{B4DAA236-D877-4DA5-A9CD-5F3BAA81BCEB}"
EndProject
Project("{FAE04EC0-301F-11D3-BF4B-00C04F79EFBC}") = "Problem13", "Problem13\Problem13.csproj", "{E1ADBA42-231D-463C-BE64-EF25F9EF5180}"
EndProject
Project("{FAE04EC0-301F-11D3-BF4B-00C04F79EFBC}") = "Problem14", "Problem14\Problem14.csproj", "{A02AE6EC-A627-4C5E-9485-E7DFC8483D11}"
EndProject
Project("{FAE04EC0-301F-11D3-BF4B-00C04F79EFBC}") = "Problem15", "Problem15\Problem15.csproj", "{5D4A7206-C805-423E-8594-A0B9CC268677}"
EndProject
Project("{FAE04EC0-301F-11D3-BF4B-00C04F79EFBC}") = "Problem16", "Problem16\Problem16.csproj", "{1EF0444D-44D8-45B3-BB71-C912017E705D}"
EndProject
Project("{FAE04EC0-301F-11D3-BF4B-00C04F79EFBC}") = "Problem17", "Problem17\Problem17.csproj", "{1A90A08D-942E-4101-BEF2-769BE2BFD9E3}"
EndProject
Project("{FAE04EC0-301F-11D3-BF4B-00C04F79EFBC}") = "Problem19", "Problem19\Problem19.csproj", "{58771CB0-247B-45E0-B59C-6847A6DD440D}"
EndProject
Project("{FAE04EC0-301F-11D3-BF4B-00C04F79EFBC}") = "Problem20", "Problem20\Problem20.csproj", "{4AEC01D6-B13A-414E-85CB-B401406CBA65}"
EndProject
Project("{FAE04EC0-301F-11D3-BF4B-00C04F79EFBC}") = "Problem21", "Problem21\Problem21.csproj", "{59026EE6-01B3-4B41-8500-0571956562A6}"
EndProject
Project("{FAE04EC0-301F-11D3-BF4B-00C04F79EFBC}") = "Problem22", "Problem22\Problem22.csproj", "{B623B35E-2CA3-4357-961B-CC75F615E586}"
EndProject
Project("{FAE04EC0-301F-11D3-BF4B-00C04F79EFBC}") = "Problem23", "Problem23\Problem23.csproj", "{358ED653-AFF2-4697-8EF7-F23BA10F03DB}"
EndProject
Project("{FAE04EC0-301F-11D3-BF4B-00C04F79EFBC}") = "Problem24", "Problem24\Problem24.csproj", "{EAE99518-1F7F-473F-8DF7-3F04A6CB54EB}"
EndProject
Project("{FAE04EC0-301F-11D3-BF4B-00C04F79EFBC}") = "Problem25", "Problem25\Problem25.csproj", "{AB03703B-169D-44A1-A52B-9FD38F7DE648}"
EndProject
Project("{FAE04EC0-301F-11D3-BF4B-00C04F79EFBC}") = "Problem26", "Problem26\Problem26.csproj", "{3DC7A3F8-3178-4AE6-8085-85AE65D29C9C}"
EndProject
Project("{FAE04EC0-301F-11D3-BF4B-00C04F79EFBC}") = "Problem27", "Problem27\Problem27.csproj", "{17B90430-58D8-4C61-BFD9-7A8F9BCF438B}"
EndProject
Project("{FAE04EC0-301F-11D3-BF4B-00C04F79EFBC}") = "Problem28", "Problem28\Problem28.csproj", "{76B265A0-FBB1-4492-B08E-73C7A05E73A9}"
EndProject
Project("{FAE04EC0-301F-11D3-BF4B-00C04F79EFBC}") = "Problem29", "Problem29\Problem29.csproj", "{6D703687-3CE7-435A-9CC7-5784436A39AA}"
EndProject
Project("{FAE04EC0-301F-11D3-BF4B-00C04F79EFBC}") = "Problem30", "Problem30\Problem30.csproj", "{712A820D-226D-416B-940E-DD8AD28E2486}"
EndProject
Project("{FAE04EC0-301F-11D3-BF4B-00C04F79EFBC}") = "Problem31", "Problem31\Problem31.csproj", "{6757B85F-7289-4343-BC39-A1D1BFEFB9D2}"
EndProject
Global
	GlobalSection(SolutionConfigurationPlatforms) = preSolution
		Debug|Any CPU = Debug|Any CPU
		Release|Any CPU = Release|Any CPU
	EndGlobalSection
	GlobalSection(ProjectConfigurationPlatforms) = postSolution
		{562C88B4-024C-43EC-9DFE-FC232F708C74}.Debug|Any CPU.ActiveCfg = Debug|Any CPU
		{562C88B4-024C-43EC-9DFE-FC232F708C74}.Debug|Any CPU.Build.0 = Debug|Any CPU
		{562C88B4-024C-43EC-9DFE-FC232F708C74}.Release|Any CPU.ActiveCfg = Release|Any CPU
		{562C88B4-024C-43EC-9DFE-FC232F708C74}.Release|Any CPU.Build.0 = Release|Any CPU
		{38FE2E4A-F943-4924-A6A2-3314C637FB77}.Debug|Any CPU.ActiveCfg = Debug|Any CPU
		{38FE2E4A-F943-4924-A6A2-3314C637FB77}.Debug|Any CPU.Build.0 = Debug|Any CPU
		{38FE2E4A-F943-4924-A6A2-3314C637FB77}.Release|Any CPU.ActiveCfg = Release|Any CPU
		{38FE2E4A-F943-4924-A6A2-3314C637FB77}.Release|Any CPU.Build.0 = Release|Any CPU
		{5FF7C652-C437-4B75-96F1-94228D8F3794}.Debug|Any CPU.ActiveCfg = Debug|Any CPU
		{5FF7C652-C437-4B75-96F1-94228D8F3794}.Debug|Any CPU.Build.0 = Debug|Any CPU
		{5FF7C652-C437-4B75-96F1-94228D8F3794}.Release|Any CPU.ActiveCfg = Release|Any CPU
		{5FF7C652-C437-4B75-96F1-94228D8F3794}.Release|Any CPU.Build.0 = Release|Any CPU
		{0E639E5E-0469-45F1-925D-24D218349775}.Debug|Any CPU.ActiveCfg = Debug|Any CPU
		{0E639E5E-0469-45F1-925D-24D218349775}.Debug|Any CPU.Build.0 = Debug|Any CPU
		{0E639E5E-0469-45F1-925D-24D218349775}.Release|Any CPU.ActiveCfg = Release|Any CPU
		{0E639E5E-0469-45F1-925D-24D218349775}.Release|Any CPU.Build.0 = Release|Any CPU
		{807BF05E-9C3A-4E23-94DC-1CD22E8A0321}.Debug|Any CPU.ActiveCfg = Debug|Any CPU
		{807BF05E-9C3A-4E23-94DC-1CD22E8A0321}.Debug|Any CPU.Build.0 = Debug|Any CPU
		{807BF05E-9C3A-4E23-94DC-1CD22E8A0321}.Release|Any CPU.ActiveCfg = Release|Any CPU
		{807BF05E-9C3A-4E23-94DC-1CD22E8A0321}.Release|Any CPU.Build.0 = Release|Any CPU
		{C31AFB6C-C7FC-409F-935B-D87754E39F0D}.Debug|Any CPU.ActiveCfg = Debug|Any CPU
		{C31AFB6C-C7FC-409F-935B-D87754E39F0D}.Debug|Any CPU.Build.0 = Debug|Any CPU
		{C31AFB6C-C7FC-409F-935B-D87754E39F0D}.Release|Any CPU.ActiveCfg = Release|Any CPU
		{C31AFB6C-C7FC-409F-935B-D87754E39F0D}.Release|Any CPU.Build.0 = Release|Any CPU
		{46810F77-DE1C-4BD7-B3E4-29C1D01E11B2}.Debug|Any CPU.ActiveCfg = Debug|Any CPU
		{46810F77-DE1C-4BD7-B3E4-29C1D01E11B2}.Debug|Any CPU.Build.0 = Debug|Any CPU
		{46810F77-DE1C-4BD7-B3E4-29C1D01E11B2}.Release|Any CPU.ActiveCfg = Release|Any CPU
		{46810F77-DE1C-4BD7-B3E4-29C1D01E11B2}.Release|Any CPU.Build.0 = Release|Any CPU
		{F5212B8F-5562-4D16-BFA5-7A026568F55C}.Debug|Any CPU.ActiveCfg = Debug|Any CPU
		{F5212B8F-5562-4D16-BFA5-7A026568F55C}.Debug|Any CPU.Build.0 = Debug|Any CPU
		{F5212B8F-5562-4D16-BFA5-7A026568F55C}.Release|Any CPU.ActiveCfg = Release|Any CPU
		{F5212B8F-5562-4D16-BFA5-7A026568F55C}.Release|Any CPU.Build.0 = Release|Any CPU
		{F0D121FD-C052-4316-879D-A0BE27476339}.Debug|Any CPU.ActiveCfg = Debug|Any CPU
		{F0D121FD-C052-4316-879D-A0BE27476339}.Debug|Any CPU.Build.0 = Debug|Any CPU
		{F0D121FD-C052-4316-879D-A0BE27476339}.Release|Any CPU.ActiveCfg = Release|Any CPU
		{F0D121FD-C052-4316-879D-A0BE27476339}.Release|Any CPU.Build.0 = Release|Any CPU
		{1757428F-394B-487C-A687-88D8A084EA32}.Debug|Any CPU.ActiveCfg = Debug|Any CPU
		{1757428F-394B-487C-A687-88D8A084EA32}.Debug|Any CPU.Build.0 = Debug|Any CPU
		{1757428F-394B-487C-A687-88D8A084EA32}.Release|Any CPU.ActiveCfg = Release|Any CPU
		{1757428F-394B-487C-A687-88D8A084EA32}.Release|Any CPU.Build.0 = Release|Any CPU
		{CCE8CF42-C4C2-4D74-9A1E-94BFDAE23D74}.Debug|Any CPU.ActiveCfg = Debug|Any CPU
		{CCE8CF42-C4C2-4D74-9A1E-94BFDAE23D74}.Debug|Any CPU.Build.0 = Debug|Any CPU
		{CCE8CF42-C4C2-4D74-9A1E-94BFDAE23D74}.Release|Any CPU.ActiveCfg = Release|Any CPU
		{CCE8CF42-C4C2-4D74-9A1E-94BFDAE23D74}.Release|Any CPU.Build.0 = Release|Any CPU
		{B4DAA236-D877-4DA5-A9CD-5F3BAA81BCEB}.Debug|Any CPU.ActiveCfg = Debug|Any CPU
		{B4DAA236-D877-4DA5-A9CD-5F3BAA81BCEB}.Debug|Any CPU.Build.0 = Debug|Any CPU
		{B4DAA236-D877-4DA5-A9CD-5F3BAA81BCEB}.Release|Any CPU.ActiveCfg = Release|Any CPU
		{B4DAA236-D877-4DA5-A9CD-5F3BAA81BCEB}.Release|Any CPU.Build.0 = Release|Any CPU
		{E1ADBA42-231D-463C-BE64-EF25F9EF5180}.Debug|Any CPU.ActiveCfg = Debug|Any CPU
		{E1ADBA42-231D-463C-BE64-EF25F9EF5180}.Debug|Any CPU.Build.0 = Debug|Any CPU
		{E1ADBA42-231D-463C-BE64-EF25F9EF5180}.Release|Any CPU.ActiveCfg = Release|Any CPU
		{E1ADBA42-231D-463C-BE64-EF25F9EF5180}.Release|Any CPU.Build.0 = Release|Any CPU
		{A02AE6EC-A627-4C5E-9485-E7DFC8483D11}.Debug|Any CPU.ActiveCfg = Debug|Any CPU
		{A02AE6EC-A627-4C5E-9485-E7DFC8483D11}.Debug|Any CPU.Build.0 = Debug|Any CPU
		{A02AE6EC-A627-4C5E-9485-E7DFC8483D11}.Release|Any CPU.ActiveCfg = Release|Any CPU
		{A02AE6EC-A627-4C5E-9485-E7DFC8483D11}.Release|Any CPU.Build.0 = Release|Any CPU
		{5D4A7206-C805-423E-8594-A0B9CC268677}.Debug|Any CPU.ActiveCfg = Debug|Any CPU
		{5D4A7206-C805-423E-8594-A0B9CC268677}.Debug|Any CPU.Build.0 = Debug|Any CPU
		{5D4A7206-C805-423E-8594-A0B9CC268677}.Release|Any CPU.ActiveCfg = Release|Any CPU
		{5D4A7206-C805-423E-8594-A0B9CC268677}.Release|Any CPU.Build.0 = Release|Any CPU
		{1EF0444D-44D8-45B3-BB71-C912017E705D}.Debug|Any CPU.ActiveCfg = Debug|Any CPU
		{1EF0444D-44D8-45B3-BB71-C912017E705D}.Debug|Any CPU.Build.0 = Debug|Any CPU
		{1EF0444D-44D8-45B3-BB71-C912017E705D}.Release|Any CPU.ActiveCfg = Release|Any CPU
		{1EF0444D-44D8-45B3-BB71-C912017E705D}.Release|Any CPU.Build.0 = Release|Any CPU
		{1A90A08D-942E-4101-BEF2-769BE2BFD9E3}.Debug|Any CPU.ActiveCfg = Debug|Any CPU
		{1A90A08D-942E-4101-BEF2-769BE2BFD9E3}.Debug|Any CPU.Build.0 = Debug|Any CPU
		{1A90A08D-942E-4101-BEF2-769BE2BFD9E3}.Release|Any CPU.ActiveCfg = Release|Any CPU
		{1A90A08D-942E-4101-BEF2-769BE2BFD9E3}.Release|Any CPU.Build.0 = Release|Any CPU
		{58771CB0-247B-45E0-B59C-6847A6DD440D}.Debug|Any CPU.ActiveCfg = Debug|Any CPU
		{58771CB0-247B-45E0-B59C-6847A6DD440D}.Debug|Any CPU.Build.0 = Debug|Any CPU
		{58771CB0-247B-45E0-B59C-6847A6DD440D}.Release|Any CPU.ActiveCfg = Release|Any CPU
		{58771CB0-247B-45E0-B59C-6847A6DD440D}.Release|Any CPU.Build.0 = Release|Any CPU
		{4AEC01D6-B13A-414E-85CB-B401406CBA65}.Debug|Any CPU.ActiveCfg = Debug|Any CPU
		{4AEC01D6-B13A-414E-85CB-B401406CBA65}.Debug|Any CPU.Build.0 = Debug|Any CPU
		{4AEC01D6-B13A-414E-85CB-B401406CBA65}.Release|Any CPU.ActiveCfg = Release|Any CPU
		{4AEC01D6-B13A-414E-85CB-B401406CBA65}.Release|Any CPU.Build.0 = Release|Any CPU
		{59026EE6-01B3-4B41-8500-0571956562A6}.Debug|Any CPU.ActiveCfg = Debug|Any CPU
		{59026EE6-01B3-4B41-8500-0571956562A6}.Debug|Any CPU.Build.0 = Debug|Any CPU
		{59026EE6-01B3-4B41-8500-0571956562A6}.Release|Any CPU.ActiveCfg = Release|Any CPU
		{59026EE6-01B3-4B41-8500-0571956562A6}.Release|Any CPU.Build.0 = Release|Any CPU
		{B623B35E-2CA3-4357-961B-CC75F615E586}.Debug|Any CPU.ActiveCfg = Debug|Any CPU
		{B623B35E-2CA3-4357-961B-CC75F615E586}.Debug|Any CPU.Build.0 = Debug|Any CPU
		{B623B35E-2CA3-4357-961B-CC75F615E586}.Release|Any CPU.ActiveCfg = Release|Any CPU
		{B623B35E-2CA3-4357-961B-CC75F615E586}.Release|Any CPU.Build.0 = Release|Any CPU
		{358ED653-AFF2-4697-8EF7-F23BA10F03DB}.Debug|Any CPU.ActiveCfg = Debug|Any CPU
		{358ED653-AFF2-4697-8EF7-F23BA10F03DB}.Debug|Any CPU.Build.0 = Debug|Any CPU
		{358ED653-AFF2-4697-8EF7-F23BA10F03DB}.Release|Any CPU.ActiveCfg = Release|Any CPU
		{358ED653-AFF2-4697-8EF7-F23BA10F03DB}.Release|Any CPU.Build.0 = Release|Any CPU
		{EAE99518-1F7F-473F-8DF7-3F04A6CB54EB}.Debug|Any CPU.ActiveCfg = Debug|Any CPU
		{EAE99518-1F7F-473F-8DF7-3F04A6CB54EB}.Debug|Any CPU.Build.0 = Debug|Any CPU
		{EAE99518-1F7F-473F-8DF7-3F04A6CB54EB}.Release|Any CPU.ActiveCfg = Release|Any CPU
		{EAE99518-1F7F-473F-8DF7-3F04A6CB54EB}.Release|Any CPU.Build.0 = Release|Any CPU
		{AB03703B-169D-44A1-A52B-9FD38F7DE648}.Debug|Any CPU.ActiveCfg = Debug|Any CPU
		{AB03703B-169D-44A1-A52B-9FD38F7DE648}.Debug|Any CPU.Build.0 = Debug|Any CPU
		{AB03703B-169D-44A1-A52B-9FD38F7DE648}.Release|Any CPU.ActiveCfg = Release|Any CPU
		{AB03703B-169D-44A1-A52B-9FD38F7DE648}.Release|Any CPU.Build.0 = Release|Any CPU
		{3DC7A3F8-3178-4AE6-8085-85AE65D29C9C}.Debug|Any CPU.ActiveCfg = Debug|Any CPU
		{3DC7A3F8-3178-4AE6-8085-85AE65D29C9C}.Debug|Any CPU.Build.0 = Debug|Any CPU
		{3DC7A3F8-3178-4AE6-8085-85AE65D29C9C}.Release|Any CPU.ActiveCfg = Release|Any CPU
		{3DC7A3F8-3178-4AE6-8085-85AE65D29C9C}.Release|Any CPU.Build.0 = Release|Any CPU
		{17B90430-58D8-4C61-BFD9-7A8F9BCF438B}.Debug|Any CPU.ActiveCfg = Debug|Any CPU
		{17B90430-58D8-4C61-BFD9-7A8F9BCF438B}.Debug|Any CPU.Build.0 = Debug|Any CPU
		{17B90430-58D8-4C61-BFD9-7A8F9BCF438B}.Release|Any CPU.ActiveCfg = Release|Any CPU
		{17B90430-58D8-4C61-BFD9-7A8F9BCF438B}.Release|Any CPU.Build.0 = Release|Any CPU
		{76B265A0-FBB1-4492-B08E-73C7A05E73A9}.Debug|Any CPU.ActiveCfg = Debug|Any CPU
		{76B265A0-FBB1-4492-B08E-73C7A05E73A9}.Debug|Any CPU.Build.0 = Debug|Any CPU
		{76B265A0-FBB1-4492-B08E-73C7A05E73A9}.Release|Any CPU.ActiveCfg = Release|Any CPU
		{76B265A0-FBB1-4492-B08E-73C7A05E73A9}.Release|Any CPU.Build.0 = Release|Any CPU
		{6D703687-3CE7-435A-9CC7-5784436A39AA}.Debug|Any CPU.ActiveCfg = Debug|Any CPU
		{6D703687-3CE7-435A-9CC7-5784436A39AA}.Debug|Any CPU.Build.0 = Debug|Any CPU
		{6D703687-3CE7-435A-9CC7-5784436A39AA}.Release|Any CPU.ActiveCfg = Release|Any CPU
		{6D703687-3CE7-435A-9CC7-5784436A39AA}.Release|Any CPU.Build.0 = Release|Any CPU
		{712A820D-226D-416B-940E-DD8AD28E2486}.Debug|Any CPU.ActiveCfg = Debug|Any CPU
		{712A820D-226D-416B-940E-DD8AD28E2486}.Debug|Any CPU.Build.0 = Debug|Any CPU
		{712A820D-226D-416B-940E-DD8AD28E2486}.Release|Any CPU.ActiveCfg = Release|Any CPU
		{712A820D-226D-416B-940E-DD8AD28E2486}.Release|Any CPU.Build.0 = Release|Any CPU
		{6757B85F-7289-4343-BC39-A1D1BFEFB9D2}.Debug|Any CPU.ActiveCfg = Debug|Any CPU
		{6757B85F-7289-4343-BC39-A1D1BFEFB9D2}.Debug|Any CPU.Build.0 = Debug|Any CPU
		{6757B85F-7289-4343-BC39-A1D1BFEFB9D2}.Release|Any CPU.ActiveCfg = Release|Any CPU
		{6757B85F-7289-4343-BC39-A1D1BFEFB9D2}.Release|Any CPU.Build.0 = Release|Any CPU
	EndGlobalSection
	GlobalSection(SolutionProperties) = preSolution
		HideSolutionNode = FALSE
	EndGlobalSection
	GlobalSection(ExtensibilityGlobals) = postSolution
		SolutionGuid = {156358CE-2D58-4501-9995-32982077504A}
	EndGlobalSection
EndGlobal
