
Microsoft Visual Studio Solution File, Format Version 12.00
# Visual Studio Version 16
VisualStudioVersion = 16.0.29911.84
MinimumVisualStudioVersion = 10.0.40219.1
Project("{9A19103F-16F7-4668-BE54-9A1E7A4F7556}") = "Vehicles", "Vehicles\Vehicles.csproj", "{ABD85EF3-ACCA-4B1E-A295-F9289B0D52B3}"
EndProject
Project("{9A19103F-16F7-4668-BE54-9A1E7A4F7556}") = "Raiding", "Raiding\Raiding.csproj", "{273893D6-1A4F-4F34-9739-85FAC4098A96}"
EndProject
Project("{FAE04EC0-301F-11D3-BF4B-00C04F79EFBC}") = "WildFarm", "WildFarm\WildFarm.csproj", "{744FF2AB-76DD-46D9-BCAB-9C5E018DD066}"
EndProject
Global
	GlobalSection(SolutionConfigurationPlatforms) = preSolution
		Debug|Any CPU = Debug|Any CPU
		Release|Any CPU = Release|Any CPU
	EndGlobalSection
	GlobalSection(ProjectConfigurationPlatforms) = postSolution
		{ABD85EF3-ACCA-4B1E-A295-F9289B0D52B3}.Debug|Any CPU.ActiveCfg = Debug|Any CPU
		{ABD85EF3-ACCA-4B1E-A295-F9289B0D52B3}.Debug|Any CPU.Build.0 = Debug|Any CPU
		{ABD85EF3-ACCA-4B1E-A295-F9289B0D52B3}.Release|Any CPU.ActiveCfg = Release|Any CPU
		{ABD85EF3-ACCA-4B1E-A295-F9289B0D52B3}.Release|Any CPU.Build.0 = Release|Any CPU
		{273893D6-1A4F-4F34-9739-85FAC4098A96}.Debug|Any CPU.ActiveCfg = Debug|Any CPU
		{273893D6-1A4F-4F34-9739-85FAC4098A96}.Debug|Any CPU.Build.0 = Debug|Any CPU
		{273893D6-1A4F-4F34-9739-85FAC4098A96}.Release|Any CPU.ActiveCfg = Release|Any CPU
		{273893D6-1A4F-4F34-9739-85FAC4098A96}.Release|Any CPU.Build.0 = Release|Any CPU
		{744FF2AB-76DD-46D9-BCAB-9C5E018DD066}.Debug|Any CPU.ActiveCfg = Debug|Any CPU
		{744FF2AB-76DD-46D9-BCAB-9C5E018DD066}.Debug|Any CPU.Build.0 = Debug|Any CPU
		{744FF2AB-76DD-46D9-BCAB-9C5E018DD066}.Release|Any CPU.ActiveCfg = Release|Any CPU
		{744FF2AB-76DD-46D9-BCAB-9C5E018DD066}.Release|Any CPU.Build.0 = Release|Any CPU
	EndGlobalSection
	GlobalSection(SolutionProperties) = preSolution
		HideSolutionNode = FALSE
	EndGlobalSection
	GlobalSection(ExtensibilityGlobals) = postSolution
		SolutionGuid = {517FAE58-B42F-49F3-9720-52B006333797}
	EndGlobalSection
EndGlobal
